
Microsoft Visual Studio Solution File, Format Version 12.00
# Visual Studio Version 16
VisualStudioVersion = 16.0.30611.23
MinimumVisualStudioVersion = 10.0.40219.1
Project("{8BC9CEB8-8B4A-11D0-8D11-00A0C91BC942}") = "201102_KMeansClustering", "201102_KMeansClustering.vcxproj", "{C42EC4A3-53C6-4502-9474-E06D24430DC9}"
EndProject
Global
	GlobalSection(SolutionConfigurationPlatforms) = preSolution
		Debug|x64 = Debug|x64
		Debug|x86 = Debug|x86
		Release|x64 = Release|x64
		Release|x86 = Release|x86
	EndGlobalSection
	GlobalSection(ProjectConfigurationPlatforms) = postSolution
		{C42EC4A3-53C6-4502-9474-E06D24430DC9}.Debug|x64.ActiveCfg = Debug|x64
		{C42EC4A3-53C6-4502-9474-E06D24430DC9}.Debug|x64.Build.0 = Debug|x64
		{C42EC4A3-53C6-4502-9474-E06D24430DC9}.Debug|x86.ActiveCfg = Debug|Win32
		{C42EC4A3-53C6-4502-9474-E06D24430DC9}.Debug|x86.Build.0 = Debug|Win32
		{C42EC4A3-53C6-4502-9474-E06D24430DC9}.Release|x64.ActiveCfg = Release|x64
		{C42EC4A3-53C6-4502-9474-E06D24430DC9}.Release|x64.Build.0 = Release|x64
		{C42EC4A3-53C6-4502-9474-E06D24430DC9}.Release|x86.ActiveCfg = Release|Win32
		{C42EC4A3-53C6-4502-9474-E06D24430DC9}.Release|x86.Build.0 = Release|Win32
	EndGlobalSection
	GlobalSection(SolutionProperties) = preSolution
		HideSolutionNode = FALSE
	EndGlobalSection
	GlobalSection(ExtensibilityGlobals) = postSolution
		SolutionGuid = {01F018AA-073A-4E0B-97D1-85D21759234D}
	EndGlobalSection
EndGlobal
